
Microsoft Visual Studio Solution File, Format Version 12.00
# Visual Studio Version 17
VisualStudioVersion = 17.11.35222.181
MinimumVisualStudioVersion = 10.0.40219.1
Project("{9A19103F-16F7-4668-BE54-9A1E7A4F7556}") = "Arcor2.ClientSdk.Communication", "Arcor2.ClientSdk.Communication\Arcor2.ClientSdk.Communication.csproj", "{DB719DE3-C3BC-42C0-B1A9-E0311333CBDA}"
EndProject
Project("{9A19103F-16F7-4668-BE54-9A1E7A4F7556}") = "Arcor2.ClientSdk.Communication.OpenApi", "Arcor2.ClientSdk.Communication.OpenApi\Arcor2.ClientSdk.Communication.OpenApi.csproj", "{818CB3FE-88CE-462A-AE60-BDEF7EE05308}"
EndProject
Project("{9A19103F-16F7-4668-BE54-9A1E7A4F7556}") = "Ignore.Test", "Ignore.Test\Ignore.Test.csproj", "{81F6FBD2-34A9-4105-88DE-6D45DFB6502A}"
EndProject
Project("{FAE04EC0-301F-11D3-BF4B-00C04F79EFBC}") = "Arcor2.ClientSdk.Communication.UnitTests", "Arcor2.ClientSdk.Communication.UnitTests\Arcor2.ClientSdk.Communication.UnitTests.csproj", "{9ACF2DAC-D965-42AC-8A8A-97FE7D87B592}"
EndProject
Global
	GlobalSection(SolutionConfigurationPlatforms) = preSolution
		Debug|Any CPU = Debug|Any CPU
		Release|Any CPU = Release|Any CPU
	EndGlobalSection
	GlobalSection(ProjectConfigurationPlatforms) = postSolution
		{DB719DE3-C3BC-42C0-B1A9-E0311333CBDA}.Debug|Any CPU.ActiveCfg = Debug|Any CPU
		{DB719DE3-C3BC-42C0-B1A9-E0311333CBDA}.Debug|Any CPU.Build.0 = Debug|Any CPU
		{DB719DE3-C3BC-42C0-B1A9-E0311333CBDA}.Release|Any CPU.ActiveCfg = Release|Any CPU
		{DB719DE3-C3BC-42C0-B1A9-E0311333CBDA}.Release|Any CPU.Build.0 = Release|Any CPU
		{818CB3FE-88CE-462A-AE60-BDEF7EE05308}.Debug|Any CPU.ActiveCfg = Debug|Any CPU
		{818CB3FE-88CE-462A-AE60-BDEF7EE05308}.Debug|Any CPU.Build.0 = Debug|Any CPU
		{818CB3FE-88CE-462A-AE60-BDEF7EE05308}.Release|Any CPU.ActiveCfg = Release|Any CPU
		{818CB3FE-88CE-462A-AE60-BDEF7EE05308}.Release|Any CPU.Build.0 = Release|Any CPU
		{81F6FBD2-34A9-4105-88DE-6D45DFB6502A}.Debug|Any CPU.ActiveCfg = Debug|Any CPU
		{81F6FBD2-34A9-4105-88DE-6D45DFB6502A}.Debug|Any CPU.Build.0 = Debug|Any CPU
		{81F6FBD2-34A9-4105-88DE-6D45DFB6502A}.Release|Any CPU.ActiveCfg = Release|Any CPU
		{81F6FBD2-34A9-4105-88DE-6D45DFB6502A}.Release|Any CPU.Build.0 = Release|Any CPU
		{9ACF2DAC-D965-42AC-8A8A-97FE7D87B592}.Debug|Any CPU.ActiveCfg = Debug|Any CPU
		{9ACF2DAC-D965-42AC-8A8A-97FE7D87B592}.Debug|Any CPU.Build.0 = Debug|Any CPU
		{9ACF2DAC-D965-42AC-8A8A-97FE7D87B592}.Release|Any CPU.ActiveCfg = Release|Any CPU
		{9ACF2DAC-D965-42AC-8A8A-97FE7D87B592}.Release|Any CPU.Build.0 = Release|Any CPU
	EndGlobalSection
	GlobalSection(SolutionProperties) = preSolution
		HideSolutionNode = FALSE
	EndGlobalSection
	GlobalSection(ExtensibilityGlobals) = postSolution
		SolutionGuid = {729DFE97-92D9-4C32-B1E3-780018B21C3C}
	EndGlobalSection
EndGlobal
